Microsoft Visual Studio Solution File, Format Version 12.00
# Visual Studio 2012
Project("{FAE04EC0-301F-11D3-BF4B-00C04F79EFBC}") = "scuffed_saber_V2", "scuffed_saber_V2.csproj", "{B4CB8376-010C-4DDC-85F0-684EF2FE8258}"
EndProject
Global
	GlobalSection(SolutionConfigurationPlatforms) = preSolution
	Debug|Any CPU = Debug|Any CPU
	ExportDebug|Any CPU = ExportDebug|Any CPU
	ExportRelease|Any CPU = ExportRelease|Any CPU
	EndGlobalSection
	GlobalSection(ProjectConfigurationPlatforms) = postSolution
		{B4CB8376-010C-4DDC-85F0-684EF2FE8258}.Debug|Any CPU.ActiveCfg = Debug|Any CPU
		{B4CB8376-010C-4DDC-85F0-684EF2FE8258}.Debug|Any CPU.Build.0 = Debug|Any CPU
		{B4CB8376-010C-4DDC-85F0-684EF2FE8258}.ExportDebug|Any CPU.ActiveCfg = ExportDebug|Any CPU
		{B4CB8376-010C-4DDC-85F0-684EF2FE8258}.ExportDebug|Any CPU.Build.0 = ExportDebug|Any CPU
		{B4CB8376-010C-4DDC-85F0-684EF2FE8258}.ExportRelease|Any CPU.ActiveCfg = ExportRelease|Any CPU
		{B4CB8376-010C-4DDC-85F0-684EF2FE8258}.ExportRelease|Any CPU.Build.0 = ExportRelease|Any CPU
	EndGlobalSection
EndGlobal
